
Microsoft Visual Studio Solution File, Format Version 12.00
# Visual Studio 15
VisualStudioVersion = 15.0.28307.705
MinimumVisualStudioVersion = 10.0.40219.1
Project("{FAE04EC0-301F-11D3-BF4B-00C04F79EFBC}") = "ScytheShuffler", "ScytheShuffler\ScytheShuffler.csproj", "{23F88833-35D0-4C92-9515-28737B49592A}"
EndProject
Global
	GlobalSection(SolutionConfigurationPlatforms) = preSolution
		Debug|Any CPU = Debug|Any CPU
		Release|Any CPU = Release|Any CPU
	EndGlobalSection
	GlobalSection(ProjectConfigurationPlatforms) = postSolution
		{23F88833-35D0-4C92-9515-28737B49592A}.Debug|Any CPU.ActiveCfg = Debug|Any CPU
		{23F88833-35D0-4C92-9515-28737B49592A}.Debug|Any CPU.Build.0 = Debug|Any CPU
		{23F88833-35D0-4C92-9515-28737B49592A}.Release|Any CPU.ActiveCfg = Release|Any CPU
		{23F88833-35D0-4C92-9515-28737B49592A}.Release|Any CPU.Build.0 = Release|Any CPU
	EndGlobalSection
	GlobalSection(SolutionProperties) = preSolution
		HideSolutionNode = FALSE
	EndGlobalSection
	GlobalSection(ExtensibilityGlobals) = postSolution
		SolutionGuid = {F223EEC4-56F5-4865-A2C0-F0380D43CF09}
	EndGlobalSection
EndGlobal
